{
  "originHash" : "f5e132dca6f72f6d95c27f2b3d0fb5dd4999d9d52aa2c3fe07a524fc762c9600",
  "pins" : [
    {
      "identity" : "commander",
      "kind" : "remoteSourceControl",
      "location" : "https://github.com/steipete/Commander.git",
      "state" : {
        "revision" : "b9fb00564aa3229deeb48090801fec2c185951f4",
        "version" : "0.2.3"
      }
    },
    {
      "identity" : "swift-syntax",
      "kind" : "remoteSourceControl",
      "location" : "https://github.com/swiftlang/swift-syntax.git",
      "state" : {
        "revision" : "9de99a78f099e59caf2b2beec65a4c45d54b2081",
        "version" : "603.0.1"
      }
    },
    {
      "identity" : "swift-testing",
      "kind" : "remoteSourceControl",
      "location" : "https://github.com/apple/swift-testing",
      "state" : {
        "revision" : "70eff261d7f462cad1fff51e05bcc74aa0b0f420",
        "version" : "6.3.2"
      }
    }
  ],
  "version" : 3
}
